PODS:
  - AFNetworking (3.2.1):
    - AFNetworking/NSURLSession (= 3.2.1)
    - AFNetworking/Reachability (= 3.2.1)
    - AFNetworking/Security (= 3.2.1)
    - AFNetworking/Serialization (= 3.2.1)
    - AFNetworking/UIKit (= 3.2.1)
  - AFNetworking/NSURLSession (3.2.1):
    - AFNetworking/Reachability
    - AFNetworking/Security
    - AFNetworking/Serialization
  - AFNetworking/Reachability (3.2.1)
  - AFNetworking/Security (3.2.1)
  - AFNetworking/Serialization (3.2.1)
  - AFNetworking/UIKit (3.2.1):
    - AFNetworking/NSURLSession
  - Masonry (1.1.0)
  - MBProgressHUD (1.1.0)
  - SDWebImage (4.4.3):
    - SDWebImage/Core (= 4.4.3)
  - SDWebImage/Core (4.4.3)
  - SocketRocket (0.5.1)
  - TXLiteAVSDK_Player (5.3.6004)
  - WechatOpenSDK_NoPay (1.8.0)
  - YTKNetwork (2.0.4):
    - AFNetworking (~> 3.0)

DEPENDENCIES:
  - Masonry
  - MBProgressHUD (~> 1.1.0)
  - SDWebImage
  - SocketRocket
  - TXLiteAVSDK_Player (from `http://pod-1252463788.cosgz.myqcloud.com/liteavsdkspec/TXLiteAVSDK_Player.podspec`)
  - WechatOpenSDK_NoPay (~> 1.8.0)
  - YTKNetwork (~> 2.0.4)

SPEC REPOS:
  https://github.com/cocoapods/specs.git:
    - AFNetworking
    - Masonry
    - MBProgressHUD
    - SDWebImage
    - SocketRocket
    - WechatOpenSDK_NoPay
    - YTKNetwork

EXTERNAL SOURCES:
  TXLiteAVSDK_Player:
    :podspec: http://pod-1252463788.cosgz.myqcloud.com/liteavsdkspec/TXLiteAVSDK_Player.podspec

SPEC CHECKSUMS:
  AFNetworking: b6f891fdfaed196b46c7a83cf209e09697b94057
  Masonry: 678fab65091a9290e40e2832a55e7ab731aad201
  MBProgressHUD: e7baa36a220447d8aeb12769bf0585582f3866d9
  SDWebImage: c5594f1a19c48d526d321e548902b56b479cd508
  SocketRocket: d57c7159b83c3c6655745cd15302aa24b6bae531
  TXLiteAVSDK_Player: 0ae5dbfa79619f53265d88cc990b1baf7abe1d97
  WechatOpenSDK_NoPay: 27366a152202a6a7c8a15fad4d07261e87fb2389
  YTKNetwork: df8a7a5597bda1664a4efaa7ef871a818a887fe0

PODFILE CHECKSUM: 3d72521ab7aba2bec41ab4dc5ed0073017e3110d

COCOAPODS: 1.5.3
