PODS:
  - AFNetworking (3.2.1):
    - AFNetworking/NSURLSession (= 3.2.1)
    - AFNetworking/Reachability (= 3.2.1)
    - AFNetworking/Security (= 3.2.1)
    - AFNetworking/Serialization (= 3.2.1)
    - AFNetworking/UIKit (= 3.2.1)
  - AFNetworking/NSURLSession (3.2.1):
    - AFNetworking/Reachability
    - AFNetworking/Security
    - AFNetworking/Serialization
  - AFNetworking/Reachability (3.2.1)
  - AFNetworking/Security (3.2.1)
  - AFNetworking/Serialization (3.2.1)
  - AFNetworking/UIKit (3.2.1):
    - AFNetworking/NSURLSession
  - Masonry (1.1.0)
  - MBProgressHUD (1.1.0)
  - SocketRocket (0.5.1)
  - YTKNetwork (2.0.4):
    - AFNetworking (~> 3.0)

DEPENDENCIES:
  - Masonry
  - MBProgressHUD (~> 1.1.0)
  - SocketRocket
  - YTKNetwork (~> 2.0.4)

SPEC REPOS:
  https://github.com/cocoapods/specs.git:
    - AFNetworking
    - Masonry
    - MBProgressHUD
    - SocketRocket
    - YTKNetwork

SPEC CHECKSUMS:
  AFNetworking: b6f891fdfaed196b46c7a83cf209e09697b94057
  Masonry: 678fab65091a9290e40e2832a55e7ab731aad201
  MBProgressHUD: e7baa36a220447d8aeb12769bf0585582f3866d9
  SocketRocket: d57c7159b83c3c6655745cd15302aa24b6bae531
  YTKNetwork: df8a7a5597bda1664a4efaa7ef871a818a887fe0

PODFILE CHECKSUM: f07b2ec4bc887a8b20b0c4fcc706537f465f8ef5

COCOAPODS: 1.5.3
