// !$*UTF8*$!
{
	archiveVersion = 1;
	classes = {
	};
	objectVersion = 50;
	objects = {

/* Begin PBXBuildFile section */
		CD705AEAF639D540BA16D68F /* libPods-MaintainTool.a in Frameworks */ = {isa = PBXBuildFile; fileRef = EE191D99DDD51F66B7045E14 /* libPods-MaintainTool.a */; };
		D7117ED521E71C7D00E601CB /* MTAvCaptureViewController.m in Sources */ = {isa = PBXBuildFile; fileRef = D7117EB421E71C7D00E601CB /* MTAvCaptureViewController.m */; };
		D7117ED621E71C7D00E601CB /* MTScanQRcodeShotViewController.xib in Resources */ = {isa = PBXBuildFile; fileRef = D7117EB621E71C7D00E601CB /* MTScanQRcodeShotViewController.xib */; };
		D7117ED721E71C7D00E601CB /* MTManualInputViewController.m in Sources */ = {isa = PBXBuildFile; fileRef = D7117EB821E71C7D00E601CB /* MTManualInputViewController.m */; };
		D7117ED821E71C7D00E601CB /* MTManualInputViewController.xib in Resources */ = {isa = PBXBuildFile; fileRef = D7117EB921E71C7D00E601CB /* MTManualInputViewController.xib */; };
		D7117ED921E71C7D00E601CB /* MTUserInfoInputViewController.xib in Resources */ = {isa = PBXBuildFile; fileRef = D7117EBB21E71C7D00E601CB /* MTUserInfoInputViewController.xib */; };
		D7117EDA21E71C7D00E601CB /* MTScanQRcodeShotViewController.m in Sources */ = {isa = PBXBuildFile; fileRef = D7117EBC21E71C7D00E601CB /* MTScanQRcodeShotViewController.m */; };
		D7117EDB21E71C7D00E601CB /* MTUserInfoInputViewController.m in Sources */ = {isa = PBXBuildFile; fileRef = D7117EBD21E71C7D00E601CB /* MTUserInfoInputViewController.m */; };
		D7117EDC21E71C7D00E601CB /* CamLivestreamStepTwoViewController.xib in Resources */ = {isa = PBXBuildFile; fileRef = D7117EBF21E71C7D00E601CB /* CamLivestreamStepTwoViewController.xib */; };
		D7117EDD21E71C7D00E601CB /* MTLiveConversationViewController.m in Sources */ = {isa = PBXBuildFile; fileRef = D7117EC021E71C7D00E601CB /* MTLiveConversationViewController.m */; };
		D7117EDE21E71C7D00E601CB /* CamLivestreamQRcodeViewController.xib in Resources */ = {isa = PBXBuildFile; fileRef = D7117EC121E71C7D00E601CB /* CamLivestreamQRcodeViewController.xib */; };
		D7117EDF21E71C7D00E601CB /* CamLivestreamStepTwoViewController.m in Sources */ = {isa = PBXBuildFile; fileRef = D7117EC221E71C7D00E601CB /* CamLivestreamStepTwoViewController.m */; };
		D7117EE021E71C7D00E601CB /* MTCameraOptionsViewController.m in Sources */ = {isa = PBXBuildFile; fileRef = D7117EC321E71C7D00E601CB /* MTCameraOptionsViewController.m */; };
		D7117EE121E71C7D00E601CB /* MTCameraOptionsViewController.xib in Resources */ = {isa = PBXBuildFile; fileRef = D7117EC421E71C7D00E601CB /* MTCameraOptionsViewController.xib */; };
		D7117EE221E71C7D00E601CB /* CamLivestreamQRcodeViewController.m in Sources */ = {isa = PBXBuildFile; fileRef = D7117EC521E71C7D00E601CB /* CamLivestreamQRcodeViewController.m */; };
		D7117EE321E71C7D00E601CB /* MTCameraPlayerContainerView.m in Sources */ = {isa = PBXBuildFile; fileRef = D7117EC621E71C7D00E601CB /* MTCameraPlayerContainerView.m */; };
		D7117EE421E71C7D00E601CB /* CamLivestreamStepOneViewController.m in Sources */ = {isa = PBXBuildFile; fileRef = D7117EC721E71C7D00E601CB /* CamLivestreamStepOneViewController.m */; };
		D7117EE521E71C7D00E601CB /* MTLiveConversationViewController.xib in Resources */ = {isa = PBXBuildFile; fileRef = D7117ECA21E71C7D00E601CB /* MTLiveConversationViewController.xib */; };
		D7117EE621E71C7D00E601CB /* MTCameraOptionCell.m in Sources */ = {isa = PBXBuildFile; fileRef = D7117ECB21E71C7D00E601CB /* MTCameraOptionCell.m */; };
		D7117EE721E71C7D00E601CB /* MTCameraOptionCell.xib in Resources */ = {isa = PBXBuildFile; fileRef = D7117ECC21E71C7D00E601CB /* MTCameraOptionCell.xib */; };
		D7117EE821E71C7D00E601CB /* CamLivestreamQRcodeViewController_4.0.xib in Resources */ = {isa = PBXBuildFile; fileRef = D7117ED021E71C7D00E601CB /* CamLivestreamQRcodeViewController_4.0.xib */; };
		D7117EE921E71C7D00E601CB /* CamLivestreamStepOneViewController.xib in Resources */ = {isa = PBXBuildFile; fileRef = D7117ED321E71C7D00E601CB /* CamLivestreamStepOneViewController.xib */; };
		D7117EED21E71CBA00E601CB /* AppDelegate.m in Sources */ = {isa = PBXBuildFile; fileRef = D7117EEA21E71CBA00E601CB /* AppDelegate.m */; };
		D7117EF321E71CE500E601CB /* Assets.xcassets in Resources */ = {isa = PBXBuildFile; fileRef = D7117EEF21E71CE500E601CB /* Assets.xcassets */; };
		D7117EF421E71CE500E601CB /* invite_loading.gif in Resources */ = {isa = PBXBuildFile; fileRef = D7117EF121E71CE500E601CB /* invite_loading.gif */; };
		D7117EF721E71D3100E601CB /* Info.plist in Resources */ = {isa = PBXBuildFile; fileRef = D7117EF521E71D3100E601CB /* Info.plist */; };
		D7117EF821E71D3100E601CB /* main.m in Sources */ = {isa = PBXBuildFile; fileRef = D7117EF621E71D3100E601CB /* main.m */; };
		D7117F2721E71D4800E601CB /* Feasd.m in Sources */ = {isa = PBXBuildFile; fileRef = D7117EFA21E71D4800E601CB /* Feasd.m */; };
		D7117F2821E71D4800E601CB /* FeWifiManHub.m in Sources */ = {isa = PBXBuildFile; fileRef = D7117EFB21E71D4800E601CB /* FeWifiManHub.m */; };
		D7117F2921E71D4800E601CB /* FeThreeDotGlow.m in Sources */ = {isa = PBXBuildFile; fileRef = D7117EFF21E71D4800E601CB /* FeThreeDotGlow.m */; };
		D7117F2A21E71D4800E601CB /* FeTenDot.m in Sources */ = {isa = PBXBuildFile; fileRef = D7117F0021E71D4800E601CB /* FeTenDot.m */; };
		D7117F2B21E71D4800E601CB /* FeVietNamLoader.m in Sources */ = {isa = PBXBuildFile; fileRef = D7117F0321E71D4800E601CB /* FeVietNamLoader.m */; };
		D7117F2C21E71D4800E601CB /* FeRollingLoader.m in Sources */ = {isa = PBXBuildFile; fileRef = D7117F0421E71D4800E601CB /* FeRollingLoader.m */; };
		D7117F2D21E71D4800E601CB /* FeHandwriting.m in Sources */ = {isa = PBXBuildFile; fileRef = D7117F0521E71D4800E601CB /* FeHandwriting.m */; };
		D7117F2E21E71D4800E601CB /* FeSpinnerTenDot.m in Sources */ = {isa = PBXBuildFile; fileRef = D7117F0621E71D4800E601CB /* FeSpinnerTenDot.m */; };
		D7117F2F21E71D4800E601CB /* FeLoadingIconBox.m in Sources */ = {isa = PBXBuildFile; fileRef = D7117F0721E71D4800E601CB /* FeLoadingIconBox.m */; };
		D7117F3021E71D4800E601CB /* FeLoadingIcon.m in Sources */ = {isa = PBXBuildFile; fileRef = D7117F0821E71D4800E601CB /* FeLoadingIcon.m */; };
		D7117F3121E71D4800E601CB /* FeHourGlass.m in Sources */ = {isa = PBXBuildFile; fileRef = D7117F0A21E71D4800E601CB /* FeHourGlass.m */; };
		D7117F3221E71D4800E601CB /* FeVietNamBar.m in Sources */ = {isa = PBXBuildFile; fileRef = D7117F0B21E71D4800E601CB /* FeVietNamBar.m */; };
		D7117F3321E71D4800E601CB /* FeZeroLoader.m in Sources */ = {isa = PBXBuildFile; fileRef = D7117F0C21E71D4800E601CB /* FeZeroLoader.m */; };
		D7117F3421E71D4800E601CB /* FeWifiManHub.xib in Resources */ = {isa = PBXBuildFile; fileRef = D7117F0D21E71D4800E601CB /* FeWifiManHub.xib */; };
		D7117F3521E71D4800E601CB /* FeEqualize.m in Sources */ = {isa = PBXBuildFile; fileRef = D7117F1021E71D4800E601CB /* FeEqualize.m */; };
		D7117F3621E71D4800E601CB /* FeViewController.m in Sources */ = {isa = PBXBuildFile; fileRef = D7117F1121E71D4800E601CB /* FeViewController.m */; };
		D7117F3721E71D4800E601CB /* CabinCondensed-Bold.ttf in Resources */ = {isa = PBXBuildFile; fileRef = D7117F1721E71D4800E601CB /* CabinCondensed-Bold.ttf */; };
		D7117F3821E71D4800E601CB /* WifiMan_Sign_1@2x.png in Resources */ = {isa = PBXBuildFile; fileRef = D7117F1821E71D4800E601CB /* WifiMan_Sign_1@2x.png */; };
		D7117F3921E71D4800E601CB /* Neou-Thin.ttf in Resources */ = {isa = PBXBuildFile; fileRef = D7117F1921E71D4800E601CB /* Neou-Thin.ttf */; };
		D7117F3A21E71D4800E601CB /* WifiMan_Sign_3@2x.png in Resources */ = {isa = PBXBuildFile; fileRef = D7117F1A21E71D4800E601CB /* WifiMan_Sign_3@2x.png */; };
		D7117F3B21E71D4800E601CB /* WifiMan_Sign_4@2x.png in Resources */ = {isa = PBXBuildFile; fileRef = D7117F1B21E71D4800E601CB /* WifiMan_Sign_4@2x.png */; };
		D7117F3C21E71D4800E601CB /* wifimanhub@2x.png in Resources */ = {isa = PBXBuildFile; fileRef = D7117F1C21E71D4800E601CB /* wifimanhub@2x.png */; };
		D7117F3D21E71D4800E601CB /* wifimanhub_grayscale@2x.png in Resources */ = {isa = PBXBuildFile; fileRef = D7117F1D21E71D4800E601CB /* wifimanhub_grayscale@2x.png */; };
		D7117F3E21E71D4800E601CB /* WifiMan_Sign_2@2x.png in Resources */ = {isa = PBXBuildFile; fileRef = D7117F1E21E71D4800E601CB /* WifiMan_Sign_2@2x.png */; };
		D7117F3F21E71D4800E601CB /* UIColor+flat.m in Sources */ = {isa = PBXBuildFile; fileRef = D7117F2321E71D4800E601CB /* UIColor+flat.m */; };
		D7117F4021E71D4800E601CB /* FXBlurView.m in Sources */ = {isa = PBXBuildFile; fileRef = D7117F2421E71D4800E601CB /* FXBlurView.m */; };
		D7117F4321E7272B00E601CB /* LaunchScreen.storyboard in Resources */ = {isa = PBXBuildFile; fileRef = D7117F4121E7272B00E601CB /* LaunchScreen.storyboard */; };
		D718614621BF6015002A709E /* AppDelegateHelper.m in Sources */ = {isa = PBXBuildFile; fileRef = D718614521BF6015002A709E /* AppDelegateHelper.m */; };
		D718618221BF9D92002A709E /* RootViewController.xib in Resources */ = {isa = PBXBuildFile; fileRef = D718618121BF9D92002A709E /* RootViewController.xib */; };
		D71B317421C0A50E005CFC53 /* Localizable.strings in Resources */ = {isa = PBXBuildFile; fileRef = D71B317621C0A50E005CFC53 /* Localizable.strings */; };
		D71B319E21C0DE9E005CFC53 /* UIScrollView+TPKeyboardAvoidingAdditions.m in Sources */ = {isa = PBXBuildFile; fileRef = D71B317D21C0DE9E005CFC53 /* UIScrollView+TPKeyboardAvoidingAdditions.m */; };
		D71B319F21C0DE9E005CFC53 /* TPKeyboardAvoidingTableView.m in Sources */ = {isa = PBXBuildFile; fileRef = D71B317E21C0DE9E005CFC53 /* TPKeyboardAvoidingTableView.m */; };
		D71B31A021C0DE9E005CFC53 /* TPKeyboardAvoidingScrollView.m in Sources */ = {isa = PBXBuildFile; fileRef = D71B317F21C0DE9E005CFC53 /* TPKeyboardAvoidingScrollView.m */; };
		D71B31A121C0DE9E005CFC53 /* TPKeyboardAvoidingCollectionView.m in Sources */ = {isa = PBXBuildFile; fileRef = D71B318121C0DE9E005CFC53 /* TPKeyboardAvoidingCollectionView.m */; };
		D71B31A221C0DE9E005CFC53 /* KxMenu.m in Sources */ = {isa = PBXBuildFile; fileRef = D71B318421C0DE9E005CFC53 /* KxMenu.m */; };
		D71B31A321C0DE9E005CFC53 /* bitstream.c in Sources */ = {isa = PBXBuildFile; fileRef = D71B318921C0DE9E005CFC53 /* bitstream.c */; };
		D71B31A421C0DE9E005CFC53 /* qrencode.c in Sources */ = {isa = PBXBuildFile; fileRef = D71B318A21C0DE9E005CFC53 /* qrencode.c */; };
		D71B31A521C0DE9E005CFC53 /* split.c in Sources */ = {isa = PBXBuildFile; fileRef = D71B318C21C0DE9E005CFC53 /* split.c */; };
		D71B31A621C0DE9E005CFC53 /* QRCodeGenerator.m in Sources */ = {isa = PBXBuildFile; fileRef = D71B318E21C0DE9E005CFC53 /* QRCodeGenerator.m */; };
		D71B31A721C0DE9E005CFC53 /* qrinput.c in Sources */ = {isa = PBXBuildFile; fileRef = D71B318F21C0DE9E005CFC53 /* qrinput.c */; };
		D71B31A821C0DE9E005CFC53 /* mask.c in Sources */ = {isa = PBXBuildFile; fileRef = D71B319121C0DE9E005CFC53 /* mask.c */; };
		D71B31A921C0DE9E005CFC53 /* qrspec.c in Sources */ = {isa = PBXBuildFile; fileRef = D71B319221C0DE9E005CFC53 /* qrspec.c */; };
		D71B31AA21C0DE9E005CFC53 /* rscode.c in Sources */ = {isa = PBXBuildFile; fileRef = D71B319621C0DE9E005CFC53 /* rscode.c */; };
		D71B31AB21C0DE9E005CFC53 /* CCMBorderView.m in Sources */ = {isa = PBXBuildFile; fileRef = D71B319B21C0DE9E005CFC53 /* CCMBorderView.m */; };
		D71B31AC21C0DE9E005CFC53 /* CCMPlayNDropView.m in Sources */ = {isa = PBXBuildFile; fileRef = D71B319C21C0DE9E005CFC53 /* CCMPlayNDropView.m */; };
		D71B31AD21C0DE9E005CFC53 /* UIViewController+MaryPopin.m in Sources */ = {isa = PBXBuildFile; fileRef = D71B319D21C0DE9E005CFC53 /* UIViewController+MaryPopin.m */; };
		D71B31B121C0E7D7005CFC53 /* MTGetAppStreamApi.m in Sources */ = {isa = PBXBuildFile; fileRef = D71B31B021C0E7D7005CFC53 /* MTGetAppStreamApi.m */; };
		D71B31B421C0F1D5005CFC53 /* MTCreateLiveRoomApi.m in Sources */ = {isa = PBXBuildFile; fileRef = D71B31B321C0F1D5005CFC53 /* MTCreateLiveRoomApi.m */; };
		D71B31B721C0F25A005CFC53 /* MTOwnerRoomInfoApi.m in Sources */ = {isa = PBXBuildFile; fileRef = D71B31B621C0F25A005CFC53 /* MTOwnerRoomInfoApi.m */; };
		D71B31BA21C0F372005CFC53 /* MTCreateSessionApi.m in Sources */ = {isa = PBXBuildFile; fileRef = D71B31B921C0F372005CFC53 /* MTCreateSessionApi.m */; };
		D71B31BD21C0F4AD005CFC53 /* MTCloseSesstionApi.m in Sources */ = {isa = PBXBuildFile; fileRef = D71B31BC21C0F4AD005CFC53 /* MTCloseSesstionApi.m */; };
		D7BDE52D21B90A9B005D1A7E /* RootViewController.m in Sources */ = {isa = PBXBuildFile; fileRef = D7BDE52C21B90A9B005D1A7E /* RootViewController.m */; };
		D7BDE54021B90AD9005D1A7E /* libz.tbd in Frameworks */ = {isa = PBXBuildFile; fileRef = D7BDE53F21B90AD9005D1A7E /* libz.tbd */; };
		D7BDE54221B90AE4005D1A7E /* libc++.tbd in Frameworks */ = {isa = PBXBuildFile; fileRef = D7BDE54121B90AE4005D1A7E /* libc++.tbd */; };
		D7BDE54421B90AED005D1A7E /* libresolv.tbd in Frameworks */ = {isa = PBXBuildFile; fileRef = D7BDE54321B90AED005D1A7E /* libresolv.tbd */; };
		D7BDE54621B90AFB005D1A7E /* libsqlite3.tbd in Frameworks */ = {isa = PBXBuildFile; fileRef = D7BDE54521B90AFB005D1A7E /* libsqlite3.tbd */; };
		D7BDE54821B90B06005D1A7E /* Accelerate.framework in Frameworks */ = {isa = PBXBuildFile; fileRef = D7BDE54721B90B06005D1A7E /* Accelerate.framework */; };
		D7BDE54F21B90DC8005D1A7E /* ReplayKit.framework in Frameworks */ = {isa = PBXBuildFile; fileRef = D7BDE54E21B90DC8005D1A7E /* ReplayKit.framework */; };
/* End PBXBuildFile section */

/* Begin PBXFileReference section */
		0DD9C9AA13FCA23F962CDF3A /* Pods-MaintainTool.debug.xcconfig */ = {isa = PBXFileReference; includeInIndex = 1; lastKnownFileType = text.xcconfig; name = "Pods-MaintainTool.debug.xcconfig"; path = "Pods/Target Support Files/Pods-MaintainTool/Pods-MaintainTool.debug.xcconfig"; sourceTree = "<group>"; };
		C60BF79D1289AD9214E8899F /* Pods-MaintainTool.release.xcconfig */ = {isa = PBXFileReference; includeInIndex = 1; lastKnownFileType = text.xcconfig; name = "Pods-MaintainTool.release.xcconfig"; path = "Pods/Target Support Files/Pods-MaintainTool/Pods-MaintainTool.release.xcconfig"; sourceTree = "<group>"; };
		D7117EB321E71C7D00E601CB /* MTManualInputViewController.h */ = {isa = PBXFileReference; fileEncoding = 4; lastKnownFileType = sourcecode.c.h; path = MTManualInputViewController.h; sourceTree = "<group>"; };
		D7117EB421E71C7D00E601CB /* MTAvCaptureViewController.m */ = {isa = PBXFileReference; fileEncoding = 4; lastKnownFileType = sourcecode.c.objc; path = MTAvCaptureViewController.m; sourceTree = "<group>"; };
		D7117EB521E71C7D00E601CB /* MTScanQRcodeShotViewController.h */ = {isa = PBXFileReference; fileEncoding = 4; lastKnownFileType = sourcecode.c.h; path = MTScanQRcodeShotViewController.h; sourceTree = "<group>"; };
		D7117EB621E71C7D00E601CB /* MTScanQRcodeShotViewController.xib */ = {isa = PBXFileReference; fileEncoding = 4; lastKnownFileType = file.xib; path = MTScanQRcodeShotViewController.xib; sourceTree = "<group>"; };
		D7117EB721E71C7D00E601CB /* MTUserInfoInputViewController.h */ = {isa = PBXFileReference; fileEncoding = 4; lastKnownFileType = sourcecode.c.h; path = MTUserInfoInputViewController.h; sourceTree = "<group>"; };
		D7117EB821E71C7D00E601CB /* MTManualInputViewController.m */ = {isa = PBXFileReference; fileEncoding = 4; lastKnownFileType = sourcecode.c.objc; path = MTManualInputViewController.m; sourceTree = "<group>"; };
		D7117EB921E71C7D00E601CB /* MTManualInputViewController.xib */ = {isa = PBXFileReference; fileEncoding = 4; lastKnownFileType = file.xib; path = MTManualInputViewController.xib; sourceTree = "<group>"; };
		D7117EBA21E71C7D00E601CB /* MTAvCaptureViewController.h */ = {isa = PBXFileReference; fileEncoding = 4; lastKnownFileType = sourcecode.c.h; path = MTAvCaptureViewController.h; sourceTree = "<group>"; };
		D7117EBB21E71C7D00E601CB /* MTUserInfoInputViewController.xib */ = {isa = PBXFileReference; fileEncoding = 4; lastKnownFileType = file.xib; path = MTUserInfoInputViewController.xib; sourceTree = "<group>"; };
		D7117EBC21E71C7D00E601CB /* MTScanQRcodeShotViewController.m */ = {isa = PBXFileReference; fileEncoding = 4; lastKnownFileType = sourcecode.c.objc; path = MTScanQRcodeShotViewController.m; sourceTree = "<group>"; };
		D7117EBD21E71C7D00E601CB /* MTUserInfoInputViewController.m */ = {isa = PBXFileReference; fileEncoding = 4; lastKnownFileType = sourcecode.c.objc; path = MTUserInfoInputViewController.m; sourceTree = "<group>"; };
		D7117EBF21E71C7D00E601CB /* CamLivestreamStepTwoViewController.xib */ = {isa = PBXFileReference; fileEncoding = 4; lastKnownFileType = file.xib; path = CamLivestreamStepTwoViewController.xib; sourceTree = "<group>"; };
		D7117EC021E71C7D00E601CB /* MTLiveConversationViewController.m */ = {isa = PBXFileReference; fileEncoding = 4; lastKnownFileType = sourcecode.c.objc; path = MTLiveConversationViewController.m; sourceTree = "<group>"; };
		D7117EC121E71C7D00E601CB /* CamLivestreamQRcodeViewController.xib */ = {isa = PBXFileReference; fileEncoding = 4; lastKnownFileType = file.xib; path = CamLivestreamQRcodeViewController.xib; sourceTree = "<group>"; };
		D7117EC221E71C7D00E601CB /* CamLivestreamStepTwoViewController.m */ = {isa = PBXFileReference; fileEncoding = 4; lastKnownFileType = sourcecode.c.objc; path = CamLivestreamStepTwoViewController.m; sourceTree = "<group>"; };
		D7117EC321E71C7D00E601CB /* MTCameraOptionsViewController.m */ = {isa = PBXFileReference; fileEncoding = 4; lastKnownFileType = sourcecode.c.objc; path = MTCameraOptionsViewController.m; sourceTree = "<group>"; };
		D7117EC421E71C7D00E601CB /* MTCameraOptionsViewController.xib */ = {isa = PBXFileReference; fileEncoding = 4; lastKnownFileType = file.xib; path = MTCameraOptionsViewController.xib; sourceTree = "<group>"; };
		D7117EC521E71C7D00E601CB /* CamLivestreamQRcodeViewController.m */ = {isa = PBXFileReference; fileEncoding = 4; lastKnownFileType = sourcecode.c.objc; path = CamLivestreamQRcodeViewController.m; sourceTree = "<group>"; };
		D7117EC621E71C7D00E601CB /* MTCameraPlayerContainerView.m */ = {isa = PBXFileReference; fileEncoding = 4; lastKnownFileType = sourcecode.c.objc; path = MTCameraPlayerContainerView.m; sourceTree = "<group>"; };
		D7117EC721E71C7D00E601CB /* CamLivestreamStepOneViewController.m */ = {isa = PBXFileReference; fileEncoding = 4; lastKnownFileType = sourcecode.c.objc; path = CamLivestreamStepOneViewController.m; sourceTree = "<group>"; };
		D7117EC921E71C7D00E601CB /* MTCameraOptionCell.h */ = {isa = PBXFileReference; fileEncoding = 4; lastKnownFileType = sourcecode.c.h; path = MTCameraOptionCell.h; sourceTree = "<group>"; };
		D7117ECA21E71C7D00E601CB /* MTLiveConversationViewController.xib */ = {isa = PBXFileReference; fileEncoding = 4; lastKnownFileType = file.xib; path = MTLiveConversationViewController.xib; sourceTree = "<group>"; };
		D7117ECB21E71C7D00E601CB /* MTCameraOptionCell.m */ = {isa = PBXFileReference; fileEncoding = 4; lastKnownFileType = sourcecode.c.objc; path = MTCameraOptionCell.m; sourceTree = "<group>"; };
		D7117ECC21E71C7D00E601CB /* MTCameraOptionCell.xib */ = {isa = PBXFileReference; fileEncoding = 4; lastKnownFileType = file.xib; path = MTCameraOptionCell.xib; sourceTree = "<group>"; };
		D7117ECD21E71C7D00E601CB /* MTLiveConversationViewController.h */ = {isa = PBXFileReference; fileEncoding = 4; lastKnownFileType = sourcecode.c.h; path = MTLiveConversationViewController.h; sourceTree = "<group>"; };
		D7117ECE21E71C7D00E601CB /* MTCameraOptionsViewController.h */ = {isa = PBXFileReference; fileEncoding = 4; lastKnownFileType = sourcecode.c.h; path = MTCameraOptionsViewController.h; sourceTree = "<group>"; };
		D7117ECF21E71C7D00E601CB /* CamLivestreamStepTwoViewController.h */ = {isa = PBXFileReference; fileEncoding = 4; lastKnownFileType = sourcecode.c.h; path = CamLivestreamStepTwoViewController.h; sourceTree = "<group>"; };
		D7117ED021E71C7D00E601CB /* CamLivestreamQRcodeViewController_4.0.xib */ = {isa = PBXFileReference; fileEncoding = 4; lastKnownFileType = file.xib; path = CamLivestreamQRcodeViewController_4.0.xib; sourceTree = "<group>"; };
		D7117ED121E71C7D00E601CB /* MTCameraPlayerContainerView.h */ = {isa = PBXFileReference; fileEncoding = 4; lastKnownFileType = sourcecode.c.h; path = MTCameraPlayerContainerView.h; sourceTree = "<group>"; };
		D7117ED221E71C7D00E601CB /* CamLivestreamQRcodeViewController.h */ = {isa = PBXFileReference; fileEncoding = 4; lastKnownFileType = sourcecode.c.h; path = CamLivestreamQRcodeViewController.h; sourceTree = "<group>"; };
		D7117ED321E71C7D00E601CB /* CamLivestreamStepOneViewController.xib */ = {isa = PBXFileReference; fileEncoding = 4; lastKnownFileType = file.xib; path = CamLivestreamStepOneViewController.xib; sourceTree = "<group>"; };
		D7117ED421E71C7D00E601CB /* CamLivestreamStepOneViewController.h */ = {isa = PBXFileReference; fileEncoding = 4; lastKnownFileType = sourcecode.c.h; path = CamLivestreamStepOneViewController.h; sourceTree = "<group>"; };
		D7117EEA21E71CBA00E601CB /* AppDelegate.m */ = {isa = PBXFileReference; fileEncoding = 4; lastKnownFileType = sourcecode.c.objc; path = AppDelegate.m; sourceTree = "<group>"; };
		D7117EEB21E71CBA00E601CB /* AppDelegate.h */ = {isa = PBXFileReference; fileEncoding = 4; lastKnownFileType = sourcecode.c.h; path = AppDelegate.h; sourceTree = "<group>"; };
		D7117EEC21E71CBA00E601CB /* RootViewController.h */ = {isa = PBXFileReference; fileEncoding = 4; lastKnownFileType = sourcecode.c.h; path = RootViewController.h; sourceTree = "<group>"; };
		D7117EEF21E71CE500E601CB /* Assets.xcassets */ = {isa = PBXFileReference; lastKnownFileType = folder.assetcatalog; path = Assets.xcassets; sourceTree = "<group>"; };
		D7117EF121E71CE500E601CB /* invite_loading.gif */ = {isa = PBXFileReference; lastKnownFileType = image.gif; path = invite_loading.gif; sourceTree = "<group>"; };
		D7117EF221E71CE500E601CB /* MaintainTool.entitlements */ = {isa = PBXFileReference; fileEncoding = 4; lastKnownFileType = text.plist.entitlements; path = MaintainTool.entitlements; sourceTree = "<group>"; };
		D7117EF521E71D3100E601CB /* Info.plist */ = {isa = PBXFileReference; fileEncoding = 4; lastKnownFileType = text.plist.xml; path = Info.plist; sourceTree = "<group>"; };
		D7117EF621E71D3100E601CB /* main.m */ = {isa = PBXFileReference; fileEncoding = 4; lastKnownFileType = sourcecode.c.objc; path = main.m; sourceTree = "<group>"; };
		D7117EFA21E71D4800E601CB /* Feasd.m */ = {isa = PBXFileReference; fileEncoding = 4; lastKnownFileType = sourcecode.c.objc; path = Feasd.m; sourceTree = "<group>"; };
		D7117EFB21E71D4800E601CB /* FeWifiManHub.m */ = {isa = PBXFileReference; fileEncoding = 4; lastKnownFileType = sourcecode.c.objc; path = FeWifiManHub.m; sourceTree = "<group>"; };
		D7117EFC21E71D4800E601CB /* FeVietNamBar.h */ = {isa = PBXFileReference; fileEncoding = 4; lastKnownFileType = sourcecode.c.h; path = FeVietNamBar.h; sourceTree = "<group>"; };
		D7117EFD21E71D4800E601CB /* FeZeroLoader.h */ = {isa = PBXFileReference; fileEncoding = 4; lastKnownFileType = sourcecode.c.h; path = FeZeroLoader.h; sourceTree = "<group>"; };
		D7117EFE21E71D4800E601CB /* FeHourGlass.h */ = {isa = PBXFileReference; fileEncoding = 4; lastKnownFileType = sourcecode.c.h; path = FeHourGlass.h; sourceTree = "<group>"; };
		D7117EFF21E71D4800E601CB /* FeThreeDotGlow.m */ = {isa = PBXFileReference; fileEncoding = 4; lastKnownFileType = sourcecode.c.objc; path = FeThreeDotGlow.m; sourceTree = "<group>"; };
		D7117F0021E71D4800E601CB /* FeTenDot.m */ = {isa = PBXFileReference; fileEncoding = 4; lastKnownFileType = sourcecode.c.objc; path = FeTenDot.m; sourceTree = "<group>"; };
		D7117F0121E71D4800E601CB /* FeViewController.h */ = {isa = PBXFileReference; fileEncoding = 4; lastKnownFileType = sourcecode.c.h; path = FeViewController.h; sourceTree = "<group>"; };
		D7117F0221E71D4800E601CB /* FeEqualize.h */ = {isa = PBXFileReference; fileEncoding = 4; lastKnownFileType = sourcecode.c.h; path = FeEqualize.h; sourceTree = "<group>"; };
		D7117F0321E71D4800E601CB /* FeVietNamLoader.m */ = {isa = PBXFileReference; fileEncoding = 4; lastKnownFileType = sourcecode.c.objc; path = FeVietNamLoader.m; sourceTree = "<group>"; };
		D7117F0421E71D4800E601CB /* FeRollingLoader.m */ = {isa = PBXFileReference; fileEncoding = 4; lastKnownFileType = sourcecode.c.objc; path = FeRollingLoader.m; sourceTree = "<group>"; };
		D7117F0521E71D4800E601CB /* FeHandwriting.m */ = {isa = PBXFileReference; fileEncoding = 4; lastKnownFileType = sourcecode.c.objc; path = FeHandwriting.m; sourceTree = "<group>"; };
		D7117F0621E71D4800E601CB /* FeSpinnerTenDot.m */ = {isa = PBXFileReference; fileEncoding = 4; lastKnownFileType = sourcecode.c.objc; path = FeSpinnerTenDot.m; sourceTree = "<group>"; };
		D7117F0721E71D4800E601CB /* FeLoadingIconBox.m */ = {isa = PBXFileReference; fileEncoding = 4; lastKnownFileType = sourcecode.c.objc; path = FeLoadingIconBox.m; sourceTree = "<group>"; };
		D7117F0821E71D4800E601CB /* FeLoadingIcon.m */ = {isa = PBXFileReference; fileEncoding = 4; lastKnownFileType = sourcecode.c.objc; path = FeLoadingIcon.m; sourceTree = "<group>"; };
		D7117F0921E71D4800E601CB /* FeThreeDotGlow.h */ = {isa = PBXFileReference; fileEncoding = 4; lastKnownFileType = sourcecode.c.h; path = FeThreeDotGlow.h; sourceTree = "<group>"; };
		D7117F0A21E71D4800E601CB /* FeHourGlass.m */ = {isa = PBXFileReference; fileEncoding = 4; lastKnownFileType = sourcecode.c.objc; path = FeHourGlass.m; sourceTree = "<group>"; };
		D7117F0B21E71D4800E601CB /* FeVietNamBar.m */ = {isa = PBXFileReference; fileEncoding = 4; lastKnownFileType = sourcecode.c.objc; path = FeVietNamBar.m; sourceTree = "<group>"; };
		D7117F0C21E71D4800E601CB /* FeZeroLoader.m */ = {isa = PBXFileReference; fileEncoding = 4; lastKnownFileType = sourcecode.c.objc; path = FeZeroLoader.m; sourceTree = "<group>"; };
		D7117F0D21E71D4800E601CB /* FeWifiManHub.xib */ = {isa = PBXFileReference; fileEncoding = 4; lastKnownFileType = file.xib; path = FeWifiManHub.xib; sourceTree = "<group>"; };
		D7117F0E21E71D4800E601CB /* Feasd.h */ = {isa = PBXFileReference; fileEncoding = 4; lastKnownFileType = sourcecode.c.h; path = Feasd.h; sourceTree = "<group>"; };
		D7117F0F21E71D4800E601CB /* FeWifiManHub.h */ = {isa = PBXFileReference; fileEncoding = 4; lastKnownFileType = sourcecode.c.h; path = FeWifiManHub.h; sourceTree = "<group>"; };
		D7117F1021E71D4800E601CB /* FeEqualize.m */ = {isa = PBXFileReference; fileEncoding = 4; lastKnownFileType = sourcecode.c.objc; path = FeEqualize.m; sourceTree = "<group>"; };
		D7117F1121E71D4800E601CB /* FeViewController.m */ = {isa = PBXFileReference; fileEncoding = 4; lastKnownFileType = sourcecode.c.objc; path = FeViewController.m; sourceTree = "<group>"; };
		D7117F1221E71D4800E601CB /* FeTenDot.h */ = {isa = PBXFileReference; fileEncoding = 4; lastKnownFileType = sourcecode.c.h; path = FeTenDot.h; sourceTree = "<group>"; };
		D7117F1321E71D4800E601CB /* FeSpinnerTenDot.h */ = {isa = PBXFileReference; fileEncoding = 4; lastKnownFileType = sourcecode.c.h; path = FeSpinnerTenDot.h; sourceTree = "<group>"; };
		D7117F1421E71D4800E601CB /* FeHandwriting.h */ = {isa = PBXFileReference; fileEncoding = 4; lastKnownFileType = sourcecode.c.h; path = FeHandwriting.h; sourceTree = "<group>"; };
		D7117F1521E71D4800E601CB /* FeRollingLoader.h */ = {isa = PBXFileReference; fileEncoding = 4; lastKnownFileType = sourcecode.c.h; path = FeRollingLoader.h; sourceTree = "<group>"; };
		D7117F1721E71D4800E601CB /* CabinCondensed-Bold.ttf */ = {isa = PBXFileReference; lastKnownFileType = file; path = "CabinCondensed-Bold.ttf"; sourceTree = "<group>"; };
		D7117F1821E71D4800E601CB /* WifiMan_Sign_1@2x.png */ = {isa = PBXFileReference; lastKnownFileType = image.png; path = "WifiMan_Sign_1@2x.png"; sourceTree = "<group>"; };
		D7117F1921E71D4800E601CB /* Neou-Thin.ttf */ = {isa = PBXFileReference; lastKnownFileType = file; path = "Neou-Thin.ttf"; sourceTree = "<group>"; };
		D7117F1A21E71D4800E601CB /* WifiMan_Sign_3@2x.png */ = {isa = PBXFileReference; lastKnownFileType = image.png; path = "WifiMan_Sign_3@2x.png"; sourceTree = "<group>"; };
		D7117F1B21E71D4800E601CB /* WifiMan_Sign_4@2x.png */ = {isa = PBXFileReference; lastKnownFileType = image.png; path = "WifiMan_Sign_4@2x.png"; sourceTree = "<group>"; };
		D7117F1C21E71D4800E601CB /* wifimanhub@2x.png */ = {isa = PBXFileReference; lastKnownFileType = image.png; path = "wifimanhub@2x.png"; sourceTree = "<group>"; };
		D7117F1D21E71D4800E601CB /* wifimanhub_grayscale@2x.png */ = {isa = PBXFileReference; lastKnownFileType = image.png; path = "wifimanhub_grayscale@2x.png"; sourceTree = "<group>"; };
		D7117F1E21E71D4800E601CB /* WifiMan_Sign_2@2x.png */ = {isa = PBXFileReference; lastKnownFileType = image.png; path = "WifiMan_Sign_2@2x.png"; sourceTree = "<group>"; };
		D7117F1F21E71D4800E601CB /* FeVietNamLoader.h */ = {isa = PBXFileReference; fileEncoding = 4; lastKnownFileType = sourcecode.c.h; path = FeVietNamLoader.h; sourceTree = "<group>"; };
		D7117F2121E71D4800E601CB /* UIColor+flat.h */ = {isa = PBXFileReference; fileEncoding = 4; lastKnownFileType = sourcecode.c.h; path = "UIColor+flat.h"; sourceTree = "<group>"; };
		D7117F2221E71D4800E601CB /* FXBlurView.h */ = {isa = PBXFileReference; fileEncoding = 4; lastKnownFileType = sourcecode.c.h; path = FXBlurView.h; sourceTree = "<group>"; };
		D7117F2321E71D4800E601CB /* UIColor+flat.m */ = {isa = PBXFileReference; fileEncoding = 4; lastKnownFileType = sourcecode.c.objc; path = "UIColor+flat.m"; sourceTree = "<group>"; };
		D7117F2421E71D4800E601CB /* FXBlurView.m */ = {isa = PBXFileReference; fileEncoding = 4; lastKnownFileType = sourcecode.c.objc; path = FXBlurView.m; sourceTree = "<group>"; };
		D7117F2521E71D4800E601CB /* FeLoadingIcon.h */ = {isa = PBXFileReference; fileEncoding = 4; lastKnownFileType = sourcecode.c.h; path = FeLoadingIcon.h; sourceTree = "<group>"; };
		D7117F2621E71D4800E601CB /* FeLoadingIconBox.h */ = {isa = PBXFileReference; fileEncoding = 4; lastKnownFileType = sourcecode.c.h; path = FeLoadingIconBox.h; sourceTree = "<group>"; };
		D7117F4221E7272B00E601CB /* Base */ = {isa = PBXFileReference; lastKnownFileType = file.storyboard; name = Base; path = Base.lproj/LaunchScreen.storyboard; sourceTree = "<group>"; };
		D718611B21BF4CB7002A709E /* MacroDefinition.h */ = {isa = PBXFileReference; fileEncoding = 4; lastKnownFileType = sourcecode.c.h; path = MacroDefinition.h; sourceTree = "<group>"; };
		D718611E21BF4EBD002A709E /* MaintainTool-Prefix.pch */ = {isa = PBXFileReference; lastKnownFileType = sourcecode.c.h; path = "MaintainTool-Prefix.pch"; sourceTree = "<group>"; };
		D718614421BF6014002A709E /* AppDelegateHelper.h */ = {isa = PBXFileReference; fileEncoding = 4; lastKnownFileType = sourcecode.c.h; path = AppDelegateHelper.h; sourceTree = "<group>"; };
		D718614521BF6015002A709E /* AppDelegateHelper.m */ = {isa = PBXFileReference; fileEncoding = 4; lastKnownFileType = sourcecode.c.objc; path = AppDelegateHelper.m; sourceTree = "<group>"; };
		D718618121BF9D92002A709E /* RootViewController.xib */ = {isa = PBXFileReference; lastKnownFileType = file.xib; path = RootViewController.xib; sourceTree = "<group>"; };
		D71B317521C0A50E005CFC53 /* en */ = {isa = PBXFileReference; lastKnownFileType = text.plist.strings; name = en; path = en.lproj/Localizable.strings; sourceTree = "<group>"; };
		D71B317821C0A587005CFC53 /* zh-Hans */ = {isa = PBXFileReference; lastKnownFileType = text.plist.strings; name = "zh-Hans"; path = "zh-Hans.lproj/Localizable.strings"; sourceTree = "<group>"; };
		D71B317B21C0DE9E005CFC53 /* TPKeyboardAvoidingScrollView.h */ = {isa = PBXFileReference; fileEncoding = 4; lastKnownFileType = sourcecode.c.h; path = TPKeyboardAvoidingScrollView.h; sourceTree = "<group>"; };
		D71B317C21C0DE9E005CFC53 /* TPKeyboardAvoidingCollectionView.h */ = {isa = PBXFileReference; fileEncoding = 4; lastKnownFileType = sourcecode.c.h; path = TPKeyboardAvoidingCollectionView.h; sourceTree = "<group>"; };
		D71B317D21C0DE9E005CFC53 /* UIScrollView+TPKeyboardAvoidingAdditions.m */ = {isa = PBXFileReference; fileEncoding = 4; lastKnownFileType = sourcecode.c.objc; path = "UIScrollView+TPKeyboardAvoidingAdditions.m"; sourceTree = "<group>"; };
		D71B317E21C0DE9E005CFC53 /* TPKeyboardAvoidingTableView.m */ = {isa = PBXFileReference; fileEncoding = 4; lastKnownFileType = sourcecode.c.objc; path = TPKeyboardAvoidingTableView.m; sourceTree = "<group>"; };
		D71B317F21C0DE9E005CFC53 /* TPKeyboardAvoidingScrollView.m */ = {isa = PBXFileReference; fileEncoding = 4; lastKnownFileType = sourcecode.c.objc; path = TPKeyboardAvoidingScrollView.m; sourceTree = "<group>"; };
		D71B318021C0DE9E005CFC53 /* UIScrollView+TPKeyboardAvoidingAdditions.h */ = {isa = PBXFileReference; fileEncoding = 4; lastKnownFileType = sourcecode.c.h; path = "UIScrollView+TPKeyboardAvoidingAdditions.h"; sourceTree = "<group>"; };
		D71B318121C0DE9E005CFC53 /* TPKeyboardAvoidingCollectionView.m */ = {isa = PBXFileReference; fileEncoding = 4; lastKnownFileType = sourcecode.c.objc; path = TPKeyboardAvoidingCollectionView.m; sourceTree = "<group>"; };
		D71B318221C0DE9E005CFC53 /* TPKeyboardAvoidingTableView.h */ = {isa = PBXFileReference; fileEncoding = 4; lastKnownFileType = sourcecode.c.h; path = TPKeyboardAvoidingTableView.h; sourceTree = "<group>"; };
		D71B318421C0DE9E005CFC53 /* KxMenu.m */ = {isa = PBXFileReference; fileEncoding = 4; lastKnownFileType = sourcecode.c.objc; path = KxMenu.m; sourceTree = "<group>"; };
		D71B318521C0DE9E005CFC53 /* KxMenu.h */ = {isa = PBXFileReference; fileEncoding = 4; lastKnownFileType = sourcecode.c.h; path = KxMenu.h; sourceTree = "<group>"; };
		D71B318721C0DE9E005CFC53 /* mask.h */ = {isa = PBXFileReference; fileEncoding = 4; lastKnownFileType = sourcecode.c.h; path = mask.h; sourceTree = "<group>"; };
		D71B318821C0DE9E005CFC53 /* qrinput.h */ = {isa = PBXFileReference; fileEncoding = 4; lastKnownFileType = sourcecode.c.h; path = qrinput.h; sourceTree = "<group>"; };
		D71B318921C0DE9E005CFC53 /* bitstream.c */ = {isa = PBXFileReference; fileEncoding = 4; lastKnownFileType = sourcecode.c.c; path = bitstream.c; sourceTree = "<group>"; };
		D71B318A21C0DE9E005CFC53 /* qrencode.c */ = {isa = PBXFileReference; fileEncoding = 4; lastKnownFileType = sourcecode.c.c; path = qrencode.c; sourceTree = "<group>"; };
		D71B318B21C0DE9E005CFC53 /* qrspec.h */ = {isa = PBXFileReference; fileEncoding = 4; lastKnownFileType = sourcecode.c.h; path = qrspec.h; sourceTree = "<group>"; };
		D71B318C21C0DE9E005CFC53 /* split.c */ = {isa = PBXFileReference; fileEncoding = 4; lastKnownFileType = sourcecode.c.c; path = split.c; sourceTree = "<group>"; };
		D71B318D21C0DE9E005CFC53 /* rscode.h */ = {isa = PBXFileReference; fileEncoding = 4; lastKnownFileType = sourcecode.c.h; path = rscode.h; sourceTree = "<group>"; };
		D71B318E21C0DE9E005CFC53 /* QRCodeGenerator.m */ = {isa = PBXFileReference; fileEncoding = 4; lastKnownFileType = sourcecode.c.objc; path = QRCodeGenerator.m; sourceTree = "<group>"; };
		D71B318F21C0DE9E005CFC53 /* qrinput.c */ = {isa = PBXFileReference; fileEncoding = 4; lastKnownFileType = sourcecode.c.c; path = qrinput.c; sourceTree = "<group>"; };
		D71B319021C0DE9E005CFC53 /* bitstream.h */ = {isa = PBXFileReference; fileEncoding = 4; lastKnownFileType = sourcecode.c.h; path = bitstream.h; sourceTree = "<group>"; };
		D71B319121C0DE9E005CFC53 /* mask.c */ = {isa = PBXFileReference; fileEncoding = 4; lastKnownFileType = sourcecode.c.c; path = mask.c; sourceTree = "<group>"; };
		D71B319221C0DE9E005CFC53 /* qrspec.c */ = {isa = PBXFileReference; fileEncoding = 4; lastKnownFileType = sourcecode.c.c; path = qrspec.c; sourceTree = "<group>"; };
		D71B319321C0DE9E005CFC53 /* qrencode.h */ = {isa = PBXFileReference; fileEncoding = 4; lastKnownFileType = sourcecode.c.h; path = qrencode.h; sourceTree = "<group>"; };
		D71B319421C0DE9E005CFC53 /* QRCodeGenerator.h */ = {isa = PBXFileReference; fileEncoding = 4; lastKnownFileType = sourcecode.c.h; path = QRCodeGenerator.h; sourceTree = "<group>"; };
		D71B319521C0DE9E005CFC53 /* split.h */ = {isa = PBXFileReference; fileEncoding = 4; lastKnownFileType = sourcecode.c.h; path = split.h; sourceTree = "<group>"; };
		D71B319621C0DE9E005CFC53 /* rscode.c */ = {isa = PBXFileReference; fileEncoding = 4; lastKnownFileType = sourcecode.c.c; path = rscode.c; sourceTree = "<group>"; };
		D71B319821C0DE9E005CFC53 /* CCMBorderView.h */ = {isa = PBXFileReference; fileEncoding = 4; lastKnownFileType = sourcecode.c.h; path = CCMBorderView.h; sourceTree = "<group>"; };
		D71B319921C0DE9E005CFC53 /* UIViewController+MaryPopin.h */ = {isa = PBXFileReference; fileEncoding = 4; lastKnownFileType = sourcecode.c.h; path = "UIViewController+MaryPopin.h"; sourceTree = "<group>"; };
		D71B319A21C0DE9E005CFC53 /* CCMPlayNDropView.h */ = {isa = PBXFileReference; fileEncoding = 4; lastKnownFileType = sourcecode.c.h; path = CCMPlayNDropView.h; sourceTree = "<group>"; };
		D71B319B21C0DE9E005CFC53 /* CCMBorderView.m */ = {isa = PBXFileReference; fileEncoding = 4; lastKnownFileType = sourcecode.c.objc; path = CCMBorderView.m; sourceTree = "<group>"; };
		D71B319C21C0DE9E005CFC53 /* CCMPlayNDropView.m */ = {isa = PBXFileReference; fileEncoding = 4; lastKnownFileType = sourcecode.c.objc; path = CCMPlayNDropView.m; sourceTree = "<group>"; };
		D71B319D21C0DE9E005CFC53 /* UIViewController+MaryPopin.m */ = {isa = PBXFileReference; fileEncoding = 4; lastKnownFileType = sourcecode.c.objc; path = "UIViewController+MaryPopin.m"; sourceTree = "<group>"; };
		D71B31AF21C0E7D7005CFC53 /* MTGetAppStreamApi.h */ = {isa = PBXFileReference; lastKnownFileType = sourcecode.c.h; path = MTGetAppStreamApi.h; sourceTree = "<group>"; };
		D71B31B021C0E7D7005CFC53 /* MTGetAppStreamApi.m */ = {isa = PBXFileReference; lastKnownFileType = sourcecode.c.objc; path = MTGetAppStreamApi.m; sourceTree = "<group>"; };
		D71B31B221C0F1D5005CFC53 /* MTCreateLiveRoomApi.h */ = {isa = PBXFileReference; lastKnownFileType = sourcecode.c.h; path = MTCreateLiveRoomApi.h; sourceTree = "<group>"; };
		D71B31B321C0F1D5005CFC53 /* MTCreateLiveRoomApi.m */ = {isa = PBXFileReference; lastKnownFileType = sourcecode.c.objc; path = MTCreateLiveRoomApi.m; sourceTree = "<group>"; };
		D71B31B521C0F25A005CFC53 /* MTOwnerRoomInfoApi.h */ = {isa = PBXFileReference; lastKnownFileType = sourcecode.c.h; path = MTOwnerRoomInfoApi.h; sourceTree = "<group>"; };
		D71B31B621C0F25A005CFC53 /* MTOwnerRoomInfoApi.m */ = {isa = PBXFileReference; lastKnownFileType = sourcecode.c.objc; path = MTOwnerRoomInfoApi.m; sourceTree = "<group>"; };
		D71B31B821C0F372005CFC53 /* MTCreateSessionApi.h */ = {isa = PBXFileReference; lastKnownFileType = sourcecode.c.h; path = MTCreateSessionApi.h; sourceTree = "<group>"; };
		D71B31B921C0F372005CFC53 /* MTCreateSessionApi.m */ = {isa = PBXFileReference; lastKnownFileType = sourcecode.c.objc; path = MTCreateSessionApi.m; sourceTree = "<group>"; };
		D71B31BB21C0F4AC005CFC53 /* MTCloseSesstionApi.h */ = {isa = PBXFileReference; lastKnownFileType = sourcecode.c.h; path = MTCloseSesstionApi.h; sourceTree = "<group>"; };
		D71B31BC21C0F4AD005CFC53 /* MTCloseSesstionApi.m */ = {isa = PBXFileReference; lastKnownFileType = sourcecode.c.objc; path = MTCloseSesstionApi.m; sourceTree = "<group>"; };
		D7BDE52521B90A9B005D1A7E /* MaintainTool.app */ = {isa = PBXFileReference; explicitFileType = wrapper.application; includeInIndex = 0; path = MaintainTool.app; sourceTree = BUILT_PRODUCTS_DIR; };
		D7BDE52C21B90A9B005D1A7E /* RootViewController.m */ = {isa = PBXFileReference; lastKnownFileType = sourcecode.c.objc; path = RootViewController.m; sourceTree = "<group>"; };
		D7BDE53F21B90AD9005D1A7E /* libz.tbd */ = {isa = PBXFileReference; lastKnownFileType = "sourcecode.text-based-dylib-definition"; name = libz.tbd; path = usr/lib/libz.tbd; sourceTree = SDKROOT; };
		D7BDE54121B90AE4005D1A7E /* libc++.tbd */ = {isa = PBXFileReference; lastKnownFileType = "sourcecode.text-based-dylib-definition"; name = "libc++.tbd"; path = "usr/lib/libc++.tbd"; sourceTree = SDKROOT; };
		D7BDE54321B90AED005D1A7E /* libresolv.tbd */ = {isa = PBXFileReference; lastKnownFileType = "sourcecode.text-based-dylib-definition"; name = libresolv.tbd; path = usr/lib/libresolv.tbd; sourceTree = SDKROOT; };
		D7BDE54521B90AFB005D1A7E /* libsqlite3.tbd */ = {isa = PBXFileReference; lastKnownFileType = "sourcecode.text-based-dylib-definition"; name = libsqlite3.tbd; path = usr/lib/libsqlite3.tbd; sourceTree = SDKROOT; };
		D7BDE54721B90B06005D1A7E /* Accelerate.framework */ = {isa = PBXFileReference; lastKnownFileType = wrapper.framework; name = Accelerate.framework; path = System/Library/Frameworks/Accelerate.framework; sourceTree = SDKROOT; };
		D7BDE54E21B90DC8005D1A7E /* ReplayKit.framework */ = {isa = PBXFileReference; lastKnownFileType = wrapper.framework; name = ReplayKit.framework; path = System/Library/Frameworks/ReplayKit.framework; sourceTree = SDKROOT; };
		EE191D99DDD51F66B7045E14 /* libPods-MaintainTool.a */ = {isa = PBXFileReference; explicitFileType = archive.ar; includeInIndex = 0; path = "libPods-MaintainTool.a"; sourceTree = BUILT_PRODUCTS_DIR; };
/* End PBXFileReference section */

/* Begin PBXFrameworksBuildPhase section */
		D7BDE52221B90A9B005D1A7E /* Frameworks */ = {
			isa = PBXFrameworksBuildPhase;
			buildActionMask = 2147483647;
			files = (
				D7BDE54F21B90DC8005D1A7E /* ReplayKit.framework in Frameworks */,
				D7BDE54821B90B06005D1A7E /* Accelerate.framework in Frameworks */,
				D7BDE54621B90AFB005D1A7E /* libsqlite3.tbd in Frameworks */,
				D7BDE54421B90AED005D1A7E /* libresolv.tbd in Frameworks */,
				D7BDE54221B90AE4005D1A7E /* libc++.tbd in Frameworks */,
				D7BDE54021B90AD9005D1A7E /* libz.tbd in Frameworks */,
				CD705AEAF639D540BA16D68F /* libPods-MaintainTool.a in Frameworks */,
			);
			runOnlyForDeploymentPostprocessing = 0;
		};
/* End PBXFrameworksBuildPhase section */

/* Begin PBXGroup section */
		CFC4C873815171B0A5F3E071 /* Pods */ = {
			isa = PBXGroup;
			children = (
				0DD9C9AA13FCA23F962CDF3A /* Pods-MaintainTool.debug.xcconfig */,
				C60BF79D1289AD9214E8899F /* Pods-MaintainTool.release.xcconfig */,
			);
			name = Pods;
			sourceTree = "<group>";
		};
		D7117EB221E71C7D00E601CB /* ScanShot */ = {
			isa = PBXGroup;
			children = (
				D7117EB321E71C7D00E601CB /* MTManualInputViewController.h */,
				D7117EB421E71C7D00E601CB /* MTAvCaptureViewController.m */,
				D7117EB521E71C7D00E601CB /* MTScanQRcodeShotViewController.h */,
				D7117EB621E71C7D00E601CB /* MTScanQRcodeShotViewController.xib */,
				D7117EB721E71C7D00E601CB /* MTUserInfoInputViewController.h */,
				D7117EB821E71C7D00E601CB /* MTManualInputViewController.m */,
				D7117EB921E71C7D00E601CB /* MTManualInputViewController.xib */,
				D7117EBA21E71C7D00E601CB /* MTAvCaptureViewController.h */,
				D7117EBB21E71C7D00E601CB /* MTUserInfoInputViewController.xib */,
				D7117EBC21E71C7D00E601CB /* MTScanQRcodeShotViewController.m */,
				D7117EBD21E71C7D00E601CB /* MTUserInfoInputViewController.m */,
			);
			path = ScanShot;
			sourceTree = "<group>";
		};
		D7117EBE21E71C7D00E601CB /* LiveVideoConversation */ = {
			isa = PBXGroup;
			children = (
				D7117EBF21E71C7D00E601CB /* CamLivestreamStepTwoViewController.xib */,
				D7117EC021E71C7D00E601CB /* MTLiveConversationViewController.m */,
				D7117EC121E71C7D00E601CB /* CamLivestreamQRcodeViewController.xib */,
				D7117EC221E71C7D00E601CB /* CamLivestreamStepTwoViewController.m */,
				D7117EC321E71C7D00E601CB /* MTCameraOptionsViewController.m */,
				D7117EC421E71C7D00E601CB /* MTCameraOptionsViewController.xib */,
				D7117EC521E71C7D00E601CB /* CamLivestreamQRcodeViewController.m */,
				D7117EC621E71C7D00E601CB /* MTCameraPlayerContainerView.m */,
				D7117EC721E71C7D00E601CB /* CamLivestreamStepOneViewController.m */,
				D7117EC821E71C7D00E601CB /* SubCells */,
				D7117ECD21E71C7D00E601CB /* MTLiveConversationViewController.h */,
				D7117ECE21E71C7D00E601CB /* MTCameraOptionsViewController.h */,
				D7117ECF21E71C7D00E601CB /* CamLivestreamStepTwoViewController.h */,
				D7117ED021E71C7D00E601CB /* CamLivestreamQRcodeViewController_4.0.xib */,
				D7117ED121E71C7D00E601CB /* MTCameraPlayerContainerView.h */,
				D7117ED221E71C7D00E601CB /* CamLivestreamQRcodeViewController.h */,
				D7117ED321E71C7D00E601CB /* CamLivestreamStepOneViewController.xib */,
				D7117ED421E71C7D00E601CB /* CamLivestreamStepOneViewController.h */,
			);
			path = LiveVideoConversation;
			sourceTree = "<group>";
		};
		D7117EC821E71C7D00E601CB /* SubCells */ = {
			isa = PBXGroup;
			children = (
				D7117EC921E71C7D00E601CB /* MTCameraOptionCell.h */,
				D7117ECA21E71C7D00E601CB /* MTLiveConversationViewController.xib */,
				D7117ECB21E71C7D00E601CB /* MTCameraOptionCell.m */,
				D7117ECC21E71C7D00E601CB /* MTCameraOptionCell.xib */,
			);
			path = SubCells;
			sourceTree = "<group>";
		};
		D7117EEE21E71CE500E601CB /* Resource */ = {
			isa = PBXGroup;
			children = (
				D7117EF221E71CE500E601CB /* MaintainTool.entitlements */,
				D7117EEF21E71CE500E601CB /* Assets.xcassets */,
				D7117EF021E71CE500E601CB /* Gifs */,
			);
			path = Resource;
			sourceTree = "<group>";
		};
		D7117EF021E71CE500E601CB /* Gifs */ = {
			isa = PBXGroup;
			children = (
				D7117EF121E71CE500E601CB /* invite_loading.gif */,
			);
			path = Gifs;
			sourceTree = "<group>";
		};
		D7117EF921E71D4800E601CB /* FeSpinner */ = {
			isa = PBXGroup;
			children = (
				D7117EFA21E71D4800E601CB /* Feasd.m */,
				D7117EFB21E71D4800E601CB /* FeWifiManHub.m */,
				D7117EFC21E71D4800E601CB /* FeVietNamBar.h */,
				D7117EFD21E71D4800E601CB /* FeZeroLoader.h */,
				D7117EFE21E71D4800E601CB /* FeHourGlass.h */,
				D7117EFF21E71D4800E601CB /* FeThreeDotGlow.m */,
				D7117F0021E71D4800E601CB /* FeTenDot.m */,
				D7117F0121E71D4800E601CB /* FeViewController.h */,
				D7117F0221E71D4800E601CB /* FeEqualize.h */,
				D7117F0321E71D4800E601CB /* FeVietNamLoader.m */,
				D7117F0421E71D4800E601CB /* FeRollingLoader.m */,
				D7117F0521E71D4800E601CB /* FeHandwriting.m */,
				D7117F0621E71D4800E601CB /* FeSpinnerTenDot.m */,
				D7117F0721E71D4800E601CB /* FeLoadingIconBox.m */,
				D7117F0821E71D4800E601CB /* FeLoadingIcon.m */,
				D7117F0921E71D4800E601CB /* FeThreeDotGlow.h */,
				D7117F0A21E71D4800E601CB /* FeHourGlass.m */,
				D7117F0B21E71D4800E601CB /* FeVietNamBar.m */,
				D7117F0C21E71D4800E601CB /* FeZeroLoader.m */,
				D7117F0D21E71D4800E601CB /* FeWifiManHub.xib */,
				D7117F0E21E71D4800E601CB /* Feasd.h */,
				D7117F0F21E71D4800E601CB /* FeWifiManHub.h */,
				D7117F1021E71D4800E601CB /* FeEqualize.m */,
				D7117F1121E71D4800E601CB /* FeViewController.m */,
				D7117F1221E71D4800E601CB /* FeTenDot.h */,
				D7117F1321E71D4800E601CB /* FeSpinnerTenDot.h */,
				D7117F1421E71D4800E601CB /* FeHandwriting.h */,
				D7117F1521E71D4800E601CB /* FeRollingLoader.h */,
				D7117F1621E71D4800E601CB /* Resource */,
				D7117F1F21E71D4800E601CB /* FeVietNamLoader.h */,
				D7117F2021E71D4800E601CB /* Tool */,
				D7117F2521E71D4800E601CB /* FeLoadingIcon.h */,
				D7117F2621E71D4800E601CB /* FeLoadingIconBox.h */,
			);
			path = FeSpinner;
			sourceTree = "<group>";
		};
		D7117F1621E71D4800E601CB /* Resource */ = {
			isa = PBXGroup;
			children = (
				D7117F1721E71D4800E601CB /* CabinCondensed-Bold.ttf */,
				D7117F1821E71D4800E601CB /* WifiMan_Sign_1@2x.png */,
				D7117F1921E71D4800E601CB /* Neou-Thin.ttf */,
				D7117F1A21E71D4800E601CB /* WifiMan_Sign_3@2x.png */,
				D7117F1B21E71D4800E601CB /* WifiMan_Sign_4@2x.png */,
				D7117F1C21E71D4800E601CB /* wifimanhub@2x.png */,
				D7117F1D21E71D4800E601CB /* wifimanhub_grayscale@2x.png */,
				D7117F1E21E71D4800E601CB /* WifiMan_Sign_2@2x.png */,
			);
			path = Resource;
			sourceTree = "<group>";
		};
		D7117F2021E71D4800E601CB /* Tool */ = {
			isa = PBXGroup;
			children = (
				D7117F2121E71D4800E601CB /* UIColor+flat.h */,
				D7117F2221E71D4800E601CB /* FXBlurView.h */,
				D7117F2321E71D4800E601CB /* UIColor+flat.m */,
				D7117F2421E71D4800E601CB /* FXBlurView.m */,
			);
			path = Tool;
			sourceTree = "<group>";
		};
		D718611421BF4A88002A709E /* Sections */ = {
			isa = PBXGroup;
			children = (
				D7117EBE21E71C7D00E601CB /* LiveVideoConversation */,
				D7117EB221E71C7D00E601CB /* ScanShot */,
			);
			path = Sections;
			sourceTree = "<group>";
		};
		D718611A21BF4C96002A709E /* Macro */ = {
			isa = PBXGroup;
			children = (
				D718611B21BF4CB7002A709E /* MacroDefinition.h */,
			);
			path = Macro;
			sourceTree = "<group>";
		};
		D718611C21BF4D4E002A709E /* Supporting Files */ = {
			isa = PBXGroup;
			children = (
				D7117F4121E7272B00E601CB /* LaunchScreen.storyboard */,
				D718611E21BF4EBD002A709E /* MaintainTool-Prefix.pch */,
				D7117EF521E71D3100E601CB /* Info.plist */,
				D7117EF621E71D3100E601CB /* main.m */,
				D71B317621C0A50E005CFC53 /* Localizable.strings */,
			);
			path = "Supporting Files";
			sourceTree = "<group>";
		};
		D71B317921C0DE9E005CFC53 /* Vender */ = {
			isa = PBXGroup;
			children = (
				D7117EF921E71D4800E601CB /* FeSpinner */,
				D71B317A21C0DE9E005CFC53 /* TPKeyboardAvoiding */,
				D71B318321C0DE9E005CFC53 /* KxMenu */,
				D71B318621C0DE9E005CFC53 /* libqrencode */,
				D71B319721C0DE9E005CFC53 /* CCMPlayNDropView */,
			);
			name = Vender;
			path = MaintainTool/Vender;
			sourceTree = "<group>";
		};
		D71B317A21C0DE9E005CFC53 /* TPKeyboardAvoiding */ = {
			isa = PBXGroup;
			children = (
				D71B317B21C0DE9E005CFC53 /* TPKeyboardAvoidingScrollView.h */,
				D71B317C21C0DE9E005CFC53 /* TPKeyboardAvoidingCollectionView.h */,
				D71B317D21C0DE9E005CFC53 /* UIScrollView+TPKeyboardAvoidingAdditions.m */,
				D71B317E21C0DE9E005CFC53 /* TPKeyboardAvoidingTableView.m */,
				D71B317F21C0DE9E005CFC53 /* TPKeyboardAvoidingScrollView.m */,
				D71B318021C0DE9E005CFC53 /* UIScrollView+TPKeyboardAvoidingAdditions.h */,
				D71B318121C0DE9E005CFC53 /* TPKeyboardAvoidingCollectionView.m */,
				D71B318221C0DE9E005CFC53 /* TPKeyboardAvoidingTableView.h */,
			);
			path = TPKeyboardAvoiding;
			sourceTree = "<group>";
		};
		D71B318321C0DE9E005CFC53 /* KxMenu */ = {
			isa = PBXGroup;
			children = (
				D71B318421C0DE9E005CFC53 /* KxMenu.m */,
				D71B318521C0DE9E005CFC53 /* KxMenu.h */,
			);
			path = KxMenu;
			sourceTree = "<group>";
		};
		D71B318621C0DE9E005CFC53 /* libqrencode */ = {
			isa = PBXGroup;
			children = (
				D71B318721C0DE9E005CFC53 /* mask.h */,
				D71B318821C0DE9E005CFC53 /* qrinput.h */,
				D71B318921C0DE9E005CFC53 /* bitstream.c */,
				D71B318A21C0DE9E005CFC53 /* qrencode.c */,
				D71B318B21C0DE9E005CFC53 /* qrspec.h */,
				D71B318C21C0DE9E005CFC53 /* split.c */,
				D71B318D21C0DE9E005CFC53 /* rscode.h */,
				D71B318E21C0DE9E005CFC53 /* QRCodeGenerator.m */,
				D71B318F21C0DE9E005CFC53 /* qrinput.c */,
				D71B319021C0DE9E005CFC53 /* bitstream.h */,
				D71B319121C0DE9E005CFC53 /* mask.c */,
				D71B319221C0DE9E005CFC53 /* qrspec.c */,
				D71B319321C0DE9E005CFC53 /* qrencode.h */,
				D71B319421C0DE9E005CFC53 /* QRCodeGenerator.h */,
				D71B319521C0DE9E005CFC53 /* split.h */,
				D71B319621C0DE9E005CFC53 /* rscode.c */,
			);
			path = libqrencode;
			sourceTree = "<group>";
		};
		D71B319721C0DE9E005CFC53 /* CCMPlayNDropView */ = {
			isa = PBXGroup;
			children = (
				D71B319821C0DE9E005CFC53 /* CCMBorderView.h */,
				D71B319921C0DE9E005CFC53 /* UIViewController+MaryPopin.h */,
				D71B319A21C0DE9E005CFC53 /* CCMPlayNDropView.h */,
				D71B319B21C0DE9E005CFC53 /* CCMBorderView.m */,
				D71B319C21C0DE9E005CFC53 /* CCMPlayNDropView.m */,
				D71B319D21C0DE9E005CFC53 /* UIViewController+MaryPopin.m */,
			);
			path = CCMPlayNDropView;
			sourceTree = "<group>";
		};
		D71B31AE21C0E7A8005CFC53 /* YTKNetworkApi */ = {
			isa = PBXGroup;
			children = (
				D71B31AF21C0E7D7005CFC53 /* MTGetAppStreamApi.h */,
				D71B31B021C0E7D7005CFC53 /* MTGetAppStreamApi.m */,
				D71B31B221C0F1D5005CFC53 /* MTCreateLiveRoomApi.h */,
				D71B31B321C0F1D5005CFC53 /* MTCreateLiveRoomApi.m */,
				D71B31B521C0F25A005CFC53 /* MTOwnerRoomInfoApi.h */,
				D71B31B621C0F25A005CFC53 /* MTOwnerRoomInfoApi.m */,
				D71B31B821C0F372005CFC53 /* MTCreateSessionApi.h */,
				D71B31B921C0F372005CFC53 /* MTCreateSessionApi.m */,
				D71B31BB21C0F4AC005CFC53 /* MTCloseSesstionApi.h */,
				D71B31BC21C0F4AD005CFC53 /* MTCloseSesstionApi.m */,
			);
			name = YTKNetworkApi;
			path = MaintainTool/YTKNetworkApi;
			sourceTree = SOURCE_ROOT;
		};
		D7BDE51C21B90A9B005D1A7E = {
			isa = PBXGroup;
			children = (
				D71B317921C0DE9E005CFC53 /* Vender */,
				D7BDE52721B90A9B005D1A7E /* MaintainTool */,
				D7BDE52621B90A9B005D1A7E /* Products */,
				D7BDE53E21B90AD9005D1A7E /* Frameworks */,
				CFC4C873815171B0A5F3E071 /* Pods */,
			);
			sourceTree = "<group>";
		};
		D7BDE52621B90A9B005D1A7E /* Products */ = {
			isa = PBXGroup;
			children = (
				D7BDE52521B90A9B005D1A7E /* MaintainTool.app */,
			);
			name = Products;
			sourceTree = "<group>";
		};
		D7BDE52721B90A9B005D1A7E /* MaintainTool */ = {
			isa = PBXGroup;
			children = (
				D7117EEB21E71CBA00E601CB /* AppDelegate.h */,
				D7117EEA21E71CBA00E601CB /* AppDelegate.m */,
				D718614421BF6014002A709E /* AppDelegateHelper.h */,
				D718614521BF6015002A709E /* AppDelegateHelper.m */,
				D7117EEC21E71CBA00E601CB /* RootViewController.h */,
				D7BDE52C21B90A9B005D1A7E /* RootViewController.m */,
				D718618121BF9D92002A709E /* RootViewController.xib */,
				D718611421BF4A88002A709E /* Sections */,
				D718611A21BF4C96002A709E /* Macro */,
				D71B31AE21C0E7A8005CFC53 /* YTKNetworkApi */,
				D7117EEE21E71CE500E601CB /* Resource */,
				D718611C21BF4D4E002A709E /* Supporting Files */,
			);
			path = MaintainTool;
			sourceTree = "<group>";
		};
		D7BDE53E21B90AD9005D1A7E /* Frameworks */ = {
			isa = PBXGroup;
			children = (
				D7BDE54E21B90DC8005D1A7E /* ReplayKit.framework */,
				D7BDE54721B90B06005D1A7E /* Accelerate.framework */,
				D7BDE54521B90AFB005D1A7E /* libsqlite3.tbd */,
				D7BDE54321B90AED005D1A7E /* libresolv.tbd */,
				D7BDE54121B90AE4005D1A7E /* libc++.tbd */,
				D7BDE53F21B90AD9005D1A7E /* libz.tbd */,
				EE191D99DDD51F66B7045E14 /* libPods-MaintainTool.a */,
			);
			name = Frameworks;
			sourceTree = "<group>";
		};
/* End PBXGroup section */

/* Begin PBXNativeTarget section */
		D7BDE52421B90A9B005D1A7E /* MaintainTool */ = {
			isa = PBXNativeTarget;
			buildConfigurationList = D7BDE53B21B90AA3005D1A7E /* Build configuration list for PBXNativeTarget "MaintainTool" */;
			buildPhases = (
				10DDA3D5AC9ABAA36BDBE0A8 /* [CP] Check Pods Manifest.lock */,
				D7BDE52121B90A9B005D1A7E /* Sources */,
				D7BDE52221B90A9B005D1A7E /* Frameworks */,
				D7BDE52321B90A9B005D1A7E /* Resources */,
			);
			buildRules = (
			);
			dependencies = (
			);
			name = MaintainTool;
			productName = MaintainTool;
			productReference = D7BDE52521B90A9B005D1A7E /* MaintainTool.app */;
			productType = "com.apple.product-type.application";
		};
/* End PBXNativeTarget section */

/* Begin PBXProject section */
		D7BDE51D21B90A9B005D1A7E /* Project object */ = {
			isa = PBXProject;
			attributes = {
				LastUpgradeCheck = 1010;
				ORGANIZATIONNAME = Channing_rong;
				TargetAttributes = {
					D7BDE52421B90A9B005D1A7E = {
						CreatedOnToolsVersion = 10.1;
						SystemCapabilities = {
							com.apple.AccessWiFi = {
								enabled = 1;
							};
						};
					};
				};
			};
			buildConfigurationList = D7BDE52021B90A9B005D1A7E /* Build configuration list for PBXProject "MaintainTool" */;
			compatibilityVersion = "Xcode 9.3";
			developmentRegion = en;
			hasScannedForEncodings = 0;
			knownRegions = (
				en,
				Base,
				"zh-Hans",
			);
			mainGroup = D7BDE51C21B90A9B005D1A7E;
			productRefGroup = D7BDE52621B90A9B005D1A7E /* Products */;
			projectDirPath = "";
			projectRoot = "";
			targets = (
				D7BDE52421B90A9B005D1A7E /* MaintainTool */,
			);
		};
/* End PBXProject section */

/* Begin PBXResourcesBuildPhase section */
		D7BDE52321B90A9B005D1A7E /* Resources */ = {
			isa = PBXResourcesBuildPhase;
			buildActionMask = 2147483647;
			files = (
				D7117F3921E71D4800E601CB /* Neou-Thin.ttf in Resources */,
				D7117EF721E71D3100E601CB /* Info.plist in Resources */,
				D71B317421C0A50E005CFC53 /* Localizable.strings in Resources */,
				D7117F3E21E71D4800E601CB /* WifiMan_Sign_2@2x.png in Resources */,
				D7117F3821E71D4800E601CB /* WifiMan_Sign_1@2x.png in Resources */,
				D7117EDC21E71C7D00E601CB /* CamLivestreamStepTwoViewController.xib in Resources */,
				D7117EE921E71C7D00E601CB /* CamLivestreamStepOneViewController.xib in Resources */,
				D7117EF321E71CE500E601CB /* Assets.xcassets in Resources */,
				D7117F4321E7272B00E601CB /* LaunchScreen.storyboard in Resources */,
				D7117ED821E71C7D00E601CB /* MTManualInputViewController.xib in Resources */,
				D7117F3A21E71D4800E601CB /* WifiMan_Sign_3@2x.png in Resources */,
				D7117F3421E71D4800E601CB /* FeWifiManHub.xib in Resources */,
				D718618221BF9D92002A709E /* RootViewController.xib in Resources */,
				D7117F3D21E71D4800E601CB /* wifimanhub_grayscale@2x.png in Resources */,
				D7117EE821E71C7D00E601CB /* CamLivestreamQRcodeViewController_4.0.xib in Resources */,
				D7117F3C21E71D4800E601CB /* wifimanhub@2x.png in Resources */,
				D7117ED921E71C7D00E601CB /* MTUserInfoInputViewController.xib in Resources */,
				D7117EF421E71CE500E601CB /* invite_loading.gif in Resources */,
				D7117EE521E71C7D00E601CB /* MTLiveConversationViewController.xib in Resources */,
				D7117F3721E71D4800E601CB /* CabinCondensed-Bold.ttf in Resources */,
				D7117ED621E71C7D00E601CB /* MTScanQRcodeShotViewController.xib in Resources */,
				D7117EE121E71C7D00E601CB /* MTCameraOptionsViewController.xib in Resources */,
				D7117EE721E71C7D00E601CB /* MTCameraOptionCell.xib in Resources */,
				D7117F3B21E71D4800E601CB /* WifiMan_Sign_4@2x.png in Resources */,
				D7117EDE21E71C7D00E601CB /* CamLivestreamQRcodeViewController.xib in Resources */,
			);
			runOnlyForDeploymentPostprocessing = 0;
		};
/* End PBXResourcesBuildPhase section */

/* Begin PBXShellScriptBuildPhase section */
		10DDA3D5AC9ABAA36BDBE0A8 /* [CP] Check Pods Manifest.lock */ = {
			isa = PBXShellScriptBuildPhase;
			buildActionMask = 2147483647;
			files = (
			);
			inputPaths = (
				"${PODS_PODFILE_DIR_PATH}/Podfile.lock",
				"${PODS_ROOT}/Manifest.lock",
			);
			name = "[CP] Check Pods Manifest.lock";
			outputPaths = (
				"$(DERIVED_FILE_DIR)/Pods-MaintainTool-checkManifestLockResult.txt",
			);
			runOnlyForDeploymentPostprocessing = 0;
			shellPath = /bin/sh;
			shellScript = "diff \"${PODS_PODFILE_DIR_PATH}/Podfile.lock\" \"${PODS_ROOT}/Manifest.lock\" > /dev/null\nif [ $? != 0 ] ; then\n    # print error to STDERR\n    echo \"error: The sandbox is not in sync with the Podfile.lock. Run 'pod install' or update your CocoaPods installation.\" >&2\n    exit 1\nfi\n# This output is used by Xcode 'outputs' to avoid re-running this script phase.\necho \"SUCCESS\" > \"${SCRIPT_OUTPUT_FILE_0}\"\n";
			showEnvVarsInLog = 0;
		};
/* End PBXShellScriptBuildPhase section */

/* Begin PBXSourcesBuildPhase section */
		D7BDE52121B90A9B005D1A7E /* Sources */ = {
			isa = PBXSourcesBuildPhase;
			buildActionMask = 2147483647;
			files = (
				D7117F3021E71D4800E601CB /* FeLoadingIcon.m in Sources */,
				D7117F2E21E71D4800E601CB /* FeSpinnerTenDot.m in Sources */,
				D7117F3521E71D4800E601CB /* FeEqualize.m in Sources */,
				D7117EDD21E71C7D00E601CB /* MTLiveConversationViewController.m in Sources */,
				D7117F3F21E71D4800E601CB /* UIColor+flat.m in Sources */,
				D7117EE221E71C7D00E601CB /* CamLivestreamQRcodeViewController.m in Sources */,
				D71B31A021C0DE9E005CFC53 /* TPKeyboardAvoidingScrollView.m in Sources */,
				D7BDE52D21B90A9B005D1A7E /* RootViewController.m in Sources */,
				D71B31BA21C0F372005CFC53 /* MTCreateSessionApi.m in Sources */,
				D71B31AA21C0DE9E005CFC53 /* rscode.c in Sources */,
				D71B31B121C0E7D7005CFC53 /* MTGetAppStreamApi.m in Sources */,
				D7117F3621E71D4800E601CB /* FeViewController.m in Sources */,
				D71B31A121C0DE9E005CFC53 /* TPKeyboardAvoidingCollectionView.m in Sources */,
				D71B31B721C0F25A005CFC53 /* MTOwnerRoomInfoApi.m in Sources */,
				D7117EDF21E71C7D00E601CB /* CamLivestreamStepTwoViewController.m in Sources */,
				D7117F2D21E71D4800E601CB /* FeHandwriting.m in Sources */,
				D7117F2721E71D4800E601CB /* Feasd.m in Sources */,
				D71B31AD21C0DE9E005CFC53 /* UIViewController+MaryPopin.m in Sources */,
				D71B31A321C0DE9E005CFC53 /* bitstream.c in Sources */,
				D71B31A421C0DE9E005CFC53 /* qrencode.c in Sources */,
				D7117F2B21E71D4800E601CB /* FeVietNamLoader.m in Sources */,
				D7117EE321E71C7D00E601CB /* MTCameraPlayerContainerView.m in Sources */,
				D7117EE621E71C7D00E601CB /* MTCameraOptionCell.m in Sources */,
				D7117F3121E71D4800E601CB /* FeHourGlass.m in Sources */,
				D7117F2C21E71D4800E601CB /* FeRollingLoader.m in Sources */,
				D7117EE421E71C7D00E601CB /* CamLivestreamStepOneViewController.m in Sources */,
				D71B31B421C0F1D5005CFC53 /* MTCreateLiveRoomApi.m in Sources */,
				D7117F2821E71D4800E601CB /* FeWifiManHub.m in Sources */,
				D71B31A221C0DE9E005CFC53 /* KxMenu.m in Sources */,
				D7117EDA21E71C7D00E601CB /* MTScanQRcodeShotViewController.m in Sources */,
				D71B319E21C0DE9E005CFC53 /* UIScrollView+TPKeyboardAvoidingAdditions.m in Sources */,
				D7117F2A21E71D4800E601CB /* FeTenDot.m in Sources */,
				D71B31BD21C0F4AD005CFC53 /* MTCloseSesstionApi.m in Sources */,
				D7117EE021E71C7D00E601CB /* MTCameraOptionsViewController.m in Sources */,
				D7117F4021E71D4800E601CB /* FXBlurView.m in Sources */,
				D71B31A521C0DE9E005CFC53 /* split.c in Sources */,
				D71B31AB21C0DE9E005CFC53 /* CCMBorderView.m in Sources */,
				D718614621BF6015002A709E /* AppDelegateHelper.m in Sources */,
				D7117ED521E71C7D00E601CB /* MTAvCaptureViewController.m in Sources */,
				D71B31AC21C0DE9E005CFC53 /* CCMPlayNDropView.m in Sources */,
				D71B31A921C0DE9E005CFC53 /* qrspec.c in Sources */,
				D71B319F21C0DE9E005CFC53 /* TPKeyboardAvoidingTableView.m in Sources */,
				D71B31A721C0DE9E005CFC53 /* qrinput.c in Sources */,
				D7117ED721E71C7D00E601CB /* MTManualInputViewController.m in Sources */,
				D71B31A821C0DE9E005CFC53 /* mask.c in Sources */,
				D7117EDB21E71C7D00E601CB /* MTUserInfoInputViewController.m in Sources */,
				D71B31A621C0DE9E005CFC53 /* QRCodeGenerator.m in Sources */,
				D7117EF821E71D3100E601CB /* main.m in Sources */,
				D7117EED21E71CBA00E601CB /* AppDelegate.m in Sources */,
				D7117F3321E71D4800E601CB /* FeZeroLoader.m in Sources */,
				D7117F3221E71D4800E601CB /* FeVietNamBar.m in Sources */,
				D7117F2F21E71D4800E601CB /* FeLoadingIconBox.m in Sources */,
				D7117F2921E71D4800E601CB /* FeThreeDotGlow.m in Sources */,
			);
			runOnlyForDeploymentPostprocessing = 0;
		};
/* End PBXSourcesBuildPhase section */

/* Begin PBXVariantGroup section */
		D7117F4121E7272B00E601CB /* LaunchScreen.storyboard */ = {
			isa = PBXVariantGroup;
			children = (
				D7117F4221E7272B00E601CB /* Base */,
			);
			name = LaunchScreen.storyboard;
			sourceTree = "<group>";
		};
		D71B317621C0A50E005CFC53 /* Localizable.strings */ = {
			isa = PBXVariantGroup;
			children = (
				D71B317521C0A50E005CFC53 /* en */,
				D71B317821C0A587005CFC53 /* zh-Hans */,
			);
			name = Localizable.strings;
			sourceTree = "<group>";
		};
/* End PBXVariantGroup section */

/* Begin XCBuildConfiguration section */
		D7BDE53921B90AA3005D1A7E /* Debug */ = {
			isa = XCBuildConfiguration;
			buildSettings = {
				ALWAYS_SEARCH_USER_PATHS = NO;
				CLANG_ANALYZER_LOCALIZABILITY_NONLOCALIZED = YES;
				CLANG_ANALYZER_NONNULL = YES;
				CLANG_ANALYZER_NUMBER_OBJECT_CONVERSION = YES_AGGRESSIVE;
				CLANG_CXX_LANGUAGE_STANDARD = "gnu++14";
				CLANG_CXX_LIBRARY = "libc++";
				CLANG_ENABLE_MODULES = YES;
				CLANG_ENABLE_OBJC_ARC = YES;
				CLANG_ENABLE_OBJC_WEAK = YES;
				CLANG_WARN_BLOCK_CAPTURE_AUTORELEASING = YES;
				CLANG_WARN_BOOL_CONVERSION = YES;
				CLANG_WARN_COMMA = YES;
				CLANG_WARN_CONSTANT_CONVERSION = YES;
				CLANG_WARN_DEPRECATED_OBJC_IMPLEMENTATIONS = YES;
				CLANG_WARN_DIRECT_OBJC_ISA_USAGE = YES_ERROR;
				CLANG_WARN_DOCUMENTATION_COMMENTS = YES;
				CLANG_WARN_EMPTY_BODY = YES;
				CLANG_WARN_ENUM_CONVERSION = YES;
				CLANG_WARN_INFINITE_RECURSION = YES;
				CLANG_WARN_INT_CONVERSION = YES;
				CLANG_WARN_NON_LITERAL_NULL_CONVERSION = YES;
				CLANG_WARN_OBJC_IMPLICIT_RETAIN_SELF = YES;
				CLANG_WARN_OBJC_LITERAL_CONVERSION = YES;
				CLANG_WARN_OBJC_ROOT_CLASS = YES_ERROR;
				CLANG_WARN_RANGE_LOOP_ANALYSIS = YES;
				CLANG_WARN_STRICT_PROTOTYPES = YES;
				CLANG_WARN_SUSPICIOUS_MOVE = YES;
				CLANG_WARN_UNGUARDED_AVAILABILITY = YES_AGGRESSIVE;
				CLANG_WARN_UNREACHABLE_CODE = YES;
				CLANG_WARN__DUPLICATE_METHOD_MATCH = YES;
				CODE_SIGN_IDENTITY = "iPhone Developer";
				COPY_PHASE_STRIP = NO;
				DEBUG_INFORMATION_FORMAT = dwarf;
				ENABLE_STRICT_OBJC_MSGSEND = YES;
				ENABLE_TESTABILITY = YES;
				GCC_C_LANGUAGE_STANDARD = gnu11;
				GCC_DYNAMIC_NO_PIC = NO;
				GCC_NO_COMMON_BLOCKS = YES;
				GCC_OPTIMIZATION_LEVEL = 0;
				GCC_PREPROCESSOR_DEFINITIONS = (
					"DEBUG=1",
					"$(inherited)",
				);
				GCC_WARN_64_TO_32_BIT_CONVERSION = YES;
				GCC_WARN_ABOUT_RETURN_TYPE = YES_ERROR;
				GCC_WARN_UNDECLARED_SELECTOR = YES;
				GCC_WARN_UNINITIALIZED_AUTOS = YES_AGGRESSIVE;
				GCC_WARN_UNUSED_FUNCTION = YES;
				GCC_WARN_UNUSED_VARIABLE = YES;
				IPHONEOS_DEPLOYMENT_TARGET = 12.1;
				MTL_ENABLE_DEBUG_INFO = INCLUDE_SOURCE;
				MTL_FAST_MATH = YES;
				ONLY_ACTIVE_ARCH = YES;
				SDKROOT = iphoneos;
			};
			name = Debug;
		};
		D7BDE53A21B90AA3005D1A7E /* Release */ = {
			isa = XCBuildConfiguration;
			buildSettings = {
				ALWAYS_SEARCH_USER_PATHS = NO;
				CLANG_ANALYZER_LOCALIZABILITY_NONLOCALIZED = YES;
				CLANG_ANALYZER_NONNULL = YES;
				CLANG_ANALYZER_NUMBER_OBJECT_CONVERSION = YES_AGGRESSIVE;
				CLANG_CXX_LANGUAGE_STANDARD = "gnu++14";
				CLANG_CXX_LIBRARY = "libc++";
				CLANG_ENABLE_MODULES = YES;
				CLANG_ENABLE_OBJC_ARC = YES;
				CLANG_ENABLE_OBJC_WEAK = YES;
				CLANG_WARN_BLOCK_CAPTURE_AUTORELEASING = YES;
				CLANG_WARN_BOOL_CONVERSION = YES;
				CLANG_WARN_COMMA = YES;
				CLANG_WARN_CONSTANT_CONVERSION = YES;
				CLANG_WARN_DEPRECATED_OBJC_IMPLEMENTATIONS = YES;
				CLANG_WARN_DIRECT_OBJC_ISA_USAGE = YES_ERROR;
				CLANG_WARN_DOCUMENTATION_COMMENTS = YES;
				CLANG_WARN_EMPTY_BODY = YES;
				CLANG_WARN_ENUM_CONVERSION = YES;
				CLANG_WARN_INFINITE_RECURSION = YES;
				CLANG_WARN_INT_CONVERSION = YES;
				CLANG_WARN_NON_LITERAL_NULL_CONVERSION = YES;
				CLANG_WARN_OBJC_IMPLICIT_RETAIN_SELF = YES;
				CLANG_WARN_OBJC_LITERAL_CONVERSION = YES;
				CLANG_WARN_OBJC_ROOT_CLASS = YES_ERROR;
				CLANG_WARN_RANGE_LOOP_ANALYSIS = YES;
				CLANG_WARN_STRICT_PROTOTYPES = YES;
				CLANG_WARN_SUSPICIOUS_MOVE = YES;
				CLANG_WARN_UNGUARDED_AVAILABILITY = YES_AGGRESSIVE;
				CLANG_WARN_UNREACHABLE_CODE = YES;
				CLANG_WARN__DUPLICATE_METHOD_MATCH = YES;
				CODE_SIGN_IDENTITY = "iPhone Developer";
				COPY_PHASE_STRIP = NO;
				DEBUG_INFORMATION_FORMAT = "dwarf-with-dsym";
				ENABLE_NS_ASSERTIONS = NO;
				ENABLE_STRICT_OBJC_MSGSEND = YES;
				GCC_C_LANGUAGE_STANDARD = gnu11;
				GCC_NO_COMMON_BLOCKS = YES;
				GCC_WARN_64_TO_32_BIT_CONVERSION = YES;
				GCC_WARN_ABOUT_RETURN_TYPE = YES_ERROR;
				GCC_WARN_UNDECLARED_SELECTOR = YES;
				GCC_WARN_UNINITIALIZED_AUTOS = YES_AGGRESSIVE;
				GCC_WARN_UNUSED_FUNCTION = YES;
				GCC_WARN_UNUSED_VARIABLE = YES;
				IPHONEOS_DEPLOYMENT_TARGET = 12.1;
				MTL_ENABLE_DEBUG_INFO = NO;
				MTL_FAST_MATH = YES;
				SDKROOT = iphoneos;
				VALIDATE_PRODUCT = YES;
			};
			name = Release;
		};
		D7BDE53C21B90AA3005D1A7E /* Debug */ = {
			isa = XCBuildConfiguration;
			baseConfigurationReference = 0DD9C9AA13FCA23F962CDF3A /* Pods-MaintainTool.debug.xcconfig */;
			buildSettings = {
				ASSETCATALOG_COMPILER_APPICON_NAME = AppIcon;
				ASSETCATALOG_COMPILER_LAUNCHIMAGE_NAME = LaunchImage;
				CODE_SIGN_ENTITLEMENTS = MaintainTool/Resource/MaintainTool.entitlements;
				CODE_SIGN_STYLE = Automatic;
				DEVELOPMENT_TEAM = J597Y7BB3N;
				ENABLE_BITCODE = YES;
				FRAMEWORK_SEARCH_PATHS = "$(inherited)";
				GCC_PRECOMPILE_PREFIX_HEADER = YES;
				GCC_PREFIX_HEADER = "$(SRCROOT)/MaintainTool/Supporting Files/MaintainTool-Prefix.pch";
				HEADER_SEARCH_PATHS = "$(inherited)";
				INFOPLIST_FILE = "MaintainTool/Supporting Files/Info.plist";
				IPHONEOS_DEPLOYMENT_TARGET = 9.0;
				LD_RUNPATH_SEARCH_PATHS = (
					"$(inherited)",
					"@executable_path/Frameworks",
				);
				PRODUCT_BUNDLE_IDENTIFIER = com.driftinnovation.maintaintool;
				PRODUCT_NAME = "$(TARGET_NAME)";
				TARGETED_DEVICE_FAMILY = 1;
			};
			name = Debug;
		};
		D7BDE53D21B90AA3005D1A7E /* Release */ = {
			isa = XCBuildConfiguration;
			baseConfigurationReference = C60BF79D1289AD9214E8899F /* Pods-MaintainTool.release.xcconfig */;
			buildSettings = {
				ASSETCATALOG_COMPILER_APPICON_NAME = AppIcon;
				ASSETCATALOG_COMPILER_LAUNCHIMAGE_NAME = LaunchImage;
				CODE_SIGN_ENTITLEMENTS = MaintainTool/Resource/MaintainTool.entitlements;
				CODE_SIGN_STYLE = Automatic;
				DEVELOPMENT_TEAM = J597Y7BB3N;
				ENABLE_BITCODE = YES;
				FRAMEWORK_SEARCH_PATHS = "$(inherited)";
				GCC_PRECOMPILE_PREFIX_HEADER = YES;
				GCC_PREFIX_HEADER = "$(SRCROOT)/MaintainTool/Supporting Files/MaintainTool-Prefix.pch";
				HEADER_SEARCH_PATHS = "$(inherited)";
				INFOPLIST_FILE = "MaintainTool/Supporting Files/Info.plist";
				IPHONEOS_DEPLOYMENT_TARGET = 9.0;
				LD_RUNPATH_SEARCH_PATHS = (
					"$(inherited)",
					"@executable_path/Frameworks",
				);
				PRODUCT_BUNDLE_IDENTIFIER = com.driftinnovation.maintaintool;
				PRODUCT_NAME = "$(TARGET_NAME)";
				TARGETED_DEVICE_FAMILY = 1;
			};
			name = Release;
		};
/* End XCBuildConfiguration section */

/* Begin XCConfigurationList section */
		D7BDE52021B90A9B005D1A7E /* Build configuration list for PBXProject "MaintainTool" */ = {
			isa = XCConfigurationList;
			buildConfigurations = (
				D7BDE53921B90AA3005D1A7E /* Debug */,
				D7BDE53A21B90AA3005D1A7E /* Release */,
			);
			defaultConfigurationIsVisible = 0;
			defaultConfigurationName = Release;
		};
		D7BDE53B21B90AA3005D1A7E /* Build configuration list for PBXNativeTarget "MaintainTool" */ = {
			isa = XCConfigurationList;
			buildConfigurations = (
				D7BDE53C21B90AA3005D1A7E /* Debug */,
				D7BDE53D21B90AA3005D1A7E /* Release */,
			);
			defaultConfigurationIsVisible = 0;
			defaultConfigurationName = Release;
		};
/* End XCConfigurationList section */
	};
	rootObject = D7BDE51D21B90A9B005D1A7E /* Project object */;
}
